
Microsoft Visual Studio Solution File, Format Version 12.00
# Visual Studio Version 17
VisualStudioVersion = 17.13.35931.197 d17.13
MinimumVisualStudioVersion = 10.0.40219.1
Project("{FAE04EC0-301F-11D3-BF4B-00C04F79EFBC}") = "WebAppFerreteria", "WebAppFerreteria.csproj", "{7E9470A5-1E11-4F43-935D-D12DBD46FD6F}"
EndProject
Global
	GlobalSection(SolutionConfigurationPlatforms) = preSolution
		Debug|Any CPU = Debug|Any CPU
		Release|Any CPU = Release|Any CPU
	EndGlobalSection
	GlobalSection(ProjectConfigurationPlatforms) = postSolution
		{7E9470A5-1E11-4F43-935D-D12DBD46FD6F}.Debug|Any CPU.ActiveCfg = Debug|Any CPU
		{7E9470A5-1E11-4F43-935D-D12DBD46FD6F}.Debug|Any CPU.Build.0 = Debug|Any CPU
		{7E9470A5-1E11-4F43-935D-D12DBD46FD6F}.Release|Any CPU.ActiveCfg = Release|Any CPU
		{7E9470A5-1E11-4F43-935D-D12DBD46FD6F}.Release|Any CPU.Build.0 = Release|Any CPU
	EndGlobalSection
	GlobalSection(SolutionProperties) = preSolution
		HideSolutionNode = FALSE
	EndGlobalSection
	GlobalSection(ExtensibilityGlobals) = postSolution
		SolutionGuid = {D44C26C3-14C9-40FE-93CF-C368977D5227}
	EndGlobalSection
EndGlobal
